
Microsoft Visual Studio Solution File, Format Version 12.00
# Visual Studio Version 16
VisualStudioVersion = 16.0.29519.181
MinimumVisualStudioVersion = 10.0.40219.1
Project("{9A19103F-16F7-4668-BE54-9A1E7A4F7556}") = "ToyRobotSim", "ToyRobotSim\ToyRobotSim.csproj", "{08B74CCA-AF9C-4B8B-A59E-1F35B97365A1}"
EndProject
Project("{FAE04EC0-301F-11D3-BF4B-00C04F79EFBC}") = "RobotSimTests", "RobotSimTests\RobotSimTests.csproj", "{1135DCC8-1080-4A95-854D-90AB961A991E}"
EndProject
Global
	GlobalSection(SolutionConfigurationPlatforms) = preSolution
		Debug|Any CPU = Debug|Any CPU
		Release|Any CPU = Release|Any CPU
	EndGlobalSection
	GlobalSection(ProjectConfigurationPlatforms) = postSolution
		{08B74CCA-AF9C-4B8B-A59E-1F35B97365A1}.Debug|Any CPU.ActiveCfg = Debug|Any CPU
		{08B74CCA-AF9C-4B8B-A59E-1F35B97365A1}.Debug|Any CPU.Build.0 = Debug|Any CPU
		{08B74CCA-AF9C-4B8B-A59E-1F35B97365A1}.Release|Any CPU.ActiveCfg = Release|Any CPU
		{08B74CCA-AF9C-4B8B-A59E-1F35B97365A1}.Release|Any CPU.Build.0 = Release|Any CPU
		{1135DCC8-1080-4A95-854D-90AB961A991E}.Debug|Any CPU.ActiveCfg = Debug|Any CPU
		{1135DCC8-1080-4A95-854D-90AB961A991E}.Debug|Any CPU.Build.0 = Debug|Any CPU
		{1135DCC8-1080-4A95-854D-90AB961A991E}.Release|Any CPU.ActiveCfg = Release|Any CPU
		{1135DCC8-1080-4A95-854D-90AB961A991E}.Release|Any CPU.Build.0 = Release|Any CPU
	EndGlobalSection
	GlobalSection(SolutionProperties) = preSolution
		HideSolutionNode = FALSE
	EndGlobalSection
	GlobalSection(ExtensibilityGlobals) = postSolution
		SolutionGuid = {F595FBD1-EF11-4CC9-9554-82844012F9EA}
	EndGlobalSection
EndGlobal
